// !$*UTF8*$!
{
	archiveVersion = 1;
	classes = {
	};
	objectVersion = 46;
	objects = {

/* Begin PBXBuildFile section */
		806524531E031DD00045CDF5 /* PokemonDetailVC.swift in Sources */ = {isa = PBXBuildFile; fileRef = 806524521E031DD00045CDF5 /* PokemonDetailVC.swift */; };
		80CEE25B1E0239C300BB81A9 /* AppDelegate.swift in Sources */ = {isa = PBXBuildFile; fileRef = 80CEE25A1E0239C300BB81A9 /* AppDelegate.swift */; };
		80CEE25D1E0239C300BB81A9 /* ViewController.swift in Sources */ = {isa = PBXBuildFile; fileRef = 80CEE25C1E0239C300BB81A9 /* ViewController.swift */; };
		80CEE2601E0239C300BB81A9 /* Main.storyboard in Resources */ = {isa = PBXBuildFile; fileRef = 80CEE25E1E0239C300BB81A9 /* Main.storyboard */; };
		80CEE2621E0239C300BB81A9 /* Assets.xcassets in Resources */ = {isa = PBXBuildFile; fileRef = 80CEE2611E0239C300BB81A9 /* Assets.xcassets */; };
		80CEE2651E0239C300BB81A9 /* LaunchScreen.storyboard in Resources */ = {isa = PBXBuildFile; fileRef = 80CEE2631E0239C300BB81A9 /* LaunchScreen.storyboard */; };
		80D175961E023E9D006F712F /* Pokemon.swift in Sources */ = {isa = PBXBuildFile; fileRef = 80D175951E023E9D006F712F /* Pokemon.swift */; };
		80D175981E024106006F712F /* pokemon.csv in Resources */ = {isa = PBXBuildFile; fileRef = 80D175971E024106006F712F /* pokemon.csv */; };
		80D1759C1E024639006F712F /* PokeCell.swift in Sources */ = {isa = PBXBuildFile; fileRef = 80D1759B1E024639006F712F /* PokeCell.swift */; };
		80D1759E1E024AA5006F712F /* csv.swift in Sources */ = {isa = PBXBuildFile; fileRef = 80D1759D1E024AA5006F712F /* csv.swift */; };
		80D175A01E0250FC006F712F /* pokemon.ttf in Resources */ = {isa = PBXBuildFile; fileRef = 80D1759F1E0250FC006F712F /* pokemon.ttf */; };
		A4DBE0DFD798F07C541AF671 /* Pods_Pokedex.framework in Frameworks */ = {isa = PBXBuildFile; fileRef = F88D170E5753363D1C647042 /* Pods_Pokedex.framework */; };
/* End PBXBuildFile section */

/* Begin PBXFileReference section */
		090F9B5DD1E525A5E31EA088 /* Pods-Pokedex.debug.xcconfig */ = {isa = PBXFileReference; includeInIndex = 1; lastKnownFileType = text.xcconfig; name = "Pods-Pokedex.debug.xcconfig"; path = "Pods/Target Support Files/Pods-Pokedex/Pods-Pokedex.debug.xcconfig"; sourceTree = "<group>"; };
		30338952A5AAC31CA6C200A5 /* Pods-Pokedex.release.xcconfig */ = {isa = PBXFileReference; includeInIndex = 1; lastKnownFileType = text.xcconfig; name = "Pods-Pokedex.release.xcconfig"; path = "Pods/Target Support Files/Pods-Pokedex/Pods-Pokedex.release.xcconfig"; sourceTree = "<group>"; };
		806524521E031DD00045CDF5 /* PokemonDetailVC.swift */ = {isa = PBXFileReference; fileEncoding = 4; lastKnownFileType = sourcecode.swift; path = PokemonDetailVC.swift; sourceTree = "<group>"; };
		80CEE2571E0239C300BB81A9 /* Pokedex.app */ = {isa = PBXFileReference; explicitFileType = wrapper.application; includeInIndex = 0; path = Pokedex.app; sourceTree = BUILT_PRODUCTS_DIR; };
		80CEE25A1E0239C300BB81A9 /* AppDelegate.swift */ = {isa = PBXFileReference; lastKnownFileType = sourcecode.swift; path = AppDelegate.swift; sourceTree = "<group>"; };
		80CEE25C1E0239C300BB81A9 /* ViewController.swift */ = {isa = PBXFileReference; lastKnownFileType = sourcecode.swift; path = ViewController.swift; sourceTree = "<group>"; };
		80CEE25F1E0239C300BB81A9 /* Base */ = {isa = PBXFileReference; lastKnownFileType = file.storyboard; name = Base; path = Base.lproj/Main.storyboard; sourceTree = "<group>"; };
		80CEE2611E0239C300BB81A9 /* Assets.xcassets */ = {isa = PBXFileReference; lastKnownFileType = folder.assetcatalog; name = Assets.xcassets; path = Pokedex/Assets.xcassets; sourceTree = "<group>"; };
		80CEE2641E0239C300BB81A9 /* Base */ = {isa = PBXFileReference; lastKnownFileType = file.storyboard; name = Base; path = Base.lproj/LaunchScreen.storyboard; sourceTree = "<group>"; };
		80CEE2661E0239C300BB81A9 /* Info.plist */ = {isa = PBXFileReference; lastKnownFileType = text.plist.xml; path = Info.plist; sourceTree = "<group>"; };
		80D175951E023E9D006F712F /* Pokemon.swift */ = {isa = PBXFileReference; fileEncoding = 4; lastKnownFileType = sourcecode.swift; name = Pokemon.swift; path = Pokedex/Pokemon.swift; sourceTree = "<group>"; };
		80D175971E024106006F712F /* pokemon.csv */ = {isa = PBXFileReference; fileEncoding = 4; lastKnownFileType = text; name = pokemon.csv; path = Pokedex/pokemon.csv; sourceTree = "<group>"; };
		80D1759B1E024639006F712F /* PokeCell.swift */ = {isa = PBXFileReference; fileEncoding = 4; lastKnownFileType = sourcecode.swift; name = PokeCell.swift; path = Pokedex/PokeCell.swift; sourceTree = "<group>"; };
		80D1759D1E024AA5006F712F /* csv.swift */ = {isa = PBXFileReference; fileEncoding = 4; lastKnownFileType = sourcecode.swift; name = csv.swift; path = Pokedex/csv.swift; sourceTree = "<group>"; };
		80D1759F1E0250FC006F712F /* pokemon.ttf */ = {isa = PBXFileReference; lastKnownFileType = file; name = pokemon.ttf; path = Pokedex/pokemon.ttf; sourceTree = "<group>"; };
		F88D170E5753363D1C647042 /* Pods_Pokedex.framework */ = {isa = PBXFileReference; explicitFileType = wrapper.framework; includeInIndex = 0; path = Pods_Pokedex.framework; sourceTree = BUILT_PRODUCTS_DIR; };
/* End PBXFileReference section */

/* Begin PBXFrameworksBuildPhase section */
		80CEE2541E0239C300BB81A9 /* Frameworks */ = {
			isa = PBXFrameworksBuildPhase;
			buildActionMask = 2147483647;
			files = (
				A4DBE0DFD798F07C541AF671 /* Pods_Pokedex.framework in Frameworks */,
			);
			runOnlyForDeploymentPostprocessing = 0;
		};
/* End PBXFrameworksBuildPhase section */

/* Begin PBXGroup section */
		806524511E031D910045CDF5 /* Controller */ = {
			isa = PBXGroup;
			children = (
				80CEE25C1E0239C300BB81A9 /* ViewController.swift */,
				806524521E031DD00045CDF5 /* PokemonDetailVC.swift */,
			);
			name = Controller;
			sourceTree = "<group>";
		};
		80CEE24E1E0239C300BB81A9 = {
			isa = PBXGroup;
			children = (
				80CEE2591E0239C300BB81A9 /* Pokedex */,
				80CEE2581E0239C300BB81A9 /* Products */,
				8DCF29EF9D99E3FA1585A0F1 /* Pods */,
				DB9A63287628BCDF4920A155 /* Frameworks */,
			);
			sourceTree = "<group>";
		};
		80CEE2581E0239C300BB81A9 /* Products */ = {
			isa = PBXGroup;
			children = (
				80CEE2571E0239C300BB81A9 /* Pokedex.app */,
			);
			name = Products;
			sourceTree = "<group>";
		};
		80CEE2591E0239C300BB81A9 /* Pokedex */ = {
			isa = PBXGroup;
			children = (
				80D175A21E02511D006F712F /* Resources */,
				80D175A31E025132006F712F /* Utilities */,
				80D175A11E025111006F712F /* Model */,
				806524511E031D910045CDF5 /* Controller */,
				80CEE25A1E0239C300BB81A9 /* AppDelegate.swift */,
				80CEE25E1E0239C300BB81A9 /* Main.storyboard */,
				80CEE2631E0239C300BB81A9 /* LaunchScreen.storyboard */,
				80CEE2661E0239C300BB81A9 /* Info.plist */,
			);
			path = Pokedex;
			sourceTree = "<group>";
		};
		80D175A11E025111006F712F /* Model */ = {
			isa = PBXGroup;
			children = (
				80D1759B1E024639006F712F /* PokeCell.swift */,
				80D175951E023E9D006F712F /* Pokemon.swift */,
			);
			name = Model;
			path = ..;
			sourceTree = "<group>";
		};
		80D175A21E02511D006F712F /* Resources */ = {
			isa = PBXGroup;
			children = (
				80CEE2611E0239C300BB81A9 /* Assets.xcassets */,
				80D1759F1E0250FC006F712F /* pokemon.ttf */,
				80D175971E024106006F712F /* pokemon.csv */,
			);
			name = Resources;
			path = ..;
			sourceTree = "<group>";
		};
		80D175A31E025132006F712F /* Utilities */ = {
			isa = PBXGroup;
			children = (
				80D1759D1E024AA5006F712F /* csv.swift */,
			);
			name = Utilities;
			path = ..;
			sourceTree = "<group>";
		};
		8DCF29EF9D99E3FA1585A0F1 /* Pods */ = {
			isa = PBXGroup;
			children = (
				090F9B5DD1E525A5E31EA088 /* Pods-Pokedex.debug.xcconfig */,
				30338952A5AAC31CA6C200A5 /* Pods-Pokedex.release.xcconfig */,
			);
			name = Pods;
			sourceTree = "<group>";
		};
		DB9A63287628BCDF4920A155 /* Frameworks */ = {
			isa = PBXGroup;
			children = (
				F88D170E5753363D1C647042 /* Pods_Pokedex.framework */,
			);
			name = Frameworks;
			sourceTree = "<group>";
		};
/* End PBXGroup section */

/* Begin PBXNativeTarget section */
		80CEE2561E0239C300BB81A9 /* Pokedex */ = {
			isa = PBXNativeTarget;
			buildConfigurationList = 80CEE2691E0239C300BB81A9 /* Build configuration list for PBXNativeTarget "Pokedex" */;
			buildPhases = (
				D4F11EB132C746E7AE4C1B40 /* [CP] Check Pods Manifest.lock */,
				80CEE2531E0239C300BB81A9 /* Sources */,
				80CEE2541E0239C300BB81A9 /* Frameworks */,
				80CEE2551E0239C300BB81A9 /* Resources */,
				601338221159CBD68C3B4A2D /* [CP] Embed Pods Frameworks */,
				4CBCC35069D1D44C4E70E84C /* [CP] Copy Pods Resources */,
			);
			buildRules = (
			);
			dependencies = (
			);
			name = Pokedex;
			productName = Pokedex;
			productReference = 80CEE2571E0239C300BB81A9 /* Pokedex.app */;
			productType = "com.apple.product-type.application";
		};
/* End PBXNativeTarget section */

/* Begin PBXProject section */
		80CEE24F1E0239C300BB81A9 /* Project object */ = {
			isa = PBXProject;
			attributes = {
				LastSwiftUpdateCheck = 0820;
				LastUpgradeCheck = 0820;
				ORGANIZATIONNAME = "Manuel S. Gomez";
				TargetAttributes = {
					80CEE2561E0239C300BB81A9 = {
						CreatedOnToolsVersion = 8.2;
						DevelopmentTeam = 2L722N9NTE;
						LastSwiftMigration = 0820;
						ProvisioningStyle = Automatic;
					};
				};
			};
			buildConfigurationList = 80CEE2521E0239C300BB81A9 /* Build configuration list for PBXProject "Pokedex" */;
			compatibilityVersion = "Xcode 3.2";
			developmentRegion = English;
			hasScannedForEncodings = 0;
			knownRegions = (
				en,
				Base,
			);
			mainGroup = 80CEE24E1E0239C300BB81A9;
			productRefGroup = 80CEE2581E0239C300BB81A9 /* Products */;
			projectDirPath = "";
			projectRoot = "";
			targets = (
				80CEE2561E0239C300BB81A9 /* Pokedex */,
			);
		};
/* End PBXProject section */

/* Begin PBXResourcesBuildPhase section */
		80CEE2551E0239C300BB81A9 /* Resources */ = {
			isa = PBXResourcesBuildPhase;
			buildActionMask = 2147483647;
			files = (
				80D175A01E0250FC006F712F /* pokemon.ttf in Resources */,
				80CEE2651E0239C300BB81A9 /* LaunchScreen.storyboard in Resources */,
				80CEE2621E0239C300BB81A9 /* Assets.xcassets in Resources */,
				80D175981E024106006F712F /* pokemon.csv in Resources */,
				80CEE2601E0239C300BB81A9 /* Main.storyboard in Resources */,
			);
			runOnlyForDeploymentPostprocessing = 0;
		};
/* End PBXResourcesBuildPhase section */

/* Begin PBXShellScriptBuildPhase section */
		4CBCC35069D1D44C4E70E84C /* [CP] Copy Pods Resources */ = {
			isa = PBXShellScriptBuildPhase;
			buildActionMask = 2147483647;
			files = (
			);
			inputPaths = (
			);
			name = "[CP] Copy Pods Resources";
			outputPaths = (
			);
			runOnlyForDeploymentPostprocessing = 0;
			shellPath = /bin/sh;
			shellScript = "\"${SRCROOT}/Pods/Target Support Files/Pods-Pokedex/Pods-Pokedex-resources.sh\"\n";
			showEnvVarsInLog = 0;
		};
		601338221159CBD68C3B4A2D /* [CP] Embed Pods Frameworks */ = {
			isa = PBXShellScriptBuildPhase;
			buildActionMask = 2147483647;
			files = (
			);
			inputPaths = (
			);
			name = "[CP] Embed Pods Frameworks";
			outputPaths = (
			);
			runOnlyForDeploymentPostprocessing = 0;
			shellPath = /bin/sh;
			shellScript = "\"${SRCROOT}/Pods/Target Support Files/Pods-Pokedex/Pods-Pokedex-frameworks.sh\"\n";
			showEnvVarsInLog = 0;
		};
		D4F11EB132C746E7AE4C1B40 /* [CP] Check Pods Manifest.lock */ = {
			isa = PBXShellScriptBuildPhase;
			buildActionMask = 2147483647;
			files = (
			);
			inputPaths = (
			);
			name = "[CP] Check Pods Manifest.lock";
			outputPaths = (
			);
			runOnlyForDeploymentPostprocessing = 0;
			shellPath = /bin/sh;
			shellScript = "diff \"${PODS_ROOT}/../Podfile.lock\" \"${PODS_ROOT}/Manifest.lock\" > /dev/null\nif [ $? != 0 ] ; then\n    # print error to STDERR\n    echo \"error: The sandbox is not in sync with the Podfile.lock. Run 'pod install' or update your CocoaPods installation.\" >&2\n    exit 1\nfi\n";
			showEnvVarsInLog = 0;
		};
/* End PBXShellScriptBuildPhase section */

/* Begin PBXSourcesBuildPhase section */
		80CEE2531E0239C300BB81A9 /* Sources */ = {
			isa = PBXSourcesBuildPhase;
			buildActionMask = 2147483647;
			files = (
				80D1759C1E024639006F712F /* PokeCell.swift in Sources */,
				80CEE25D1E0239C300BB81A9 /* ViewController.swift in Sources */,
				80CEE25B1E0239C300BB81A9 /* AppDelegate.swift in Sources */,
				806524531E031DD00045CDF5 /* PokemonDetailVC.swift in Sources */,
				80D175961E023E9D006F712F /* Pokemon.swift in Sources */,
				80D1759E1E024AA5006F712F /* csv.swift in Sources */,
			);
			runOnlyForDeploymentPostprocessing = 0;
		};
/* End PBXSourcesBuildPhase section */

/* Begin PBXVariantGroup section */
		80CEE25E1E0239C300BB81A9 /* Main.storyboard */ = {
			isa = PBXVariantGroup;
			children = (
				80CEE25F1E0239C300BB81A9 /* Base */,
			);
			name = Main.storyboard;
			sourceTree = "<group>";
		};
		80CEE2631E0239C300BB81A9 /* LaunchScreen.storyboard */ = {
			isa = PBXVariantGroup;
			children = (
				80CEE2641E0239C300BB81A9 /* Base */,
			);
			name = LaunchScreen.storyboard;
			sourceTree = "<group>";
		};
/* End PBXVariantGroup section */

/* Begin XCBuildConfiguration section */
		80CEE2671E0239C300BB81A9 /* Debug */ = {
			isa = XCBuildConfiguration;
			buildSettings = {
				ALWAYS_SEARCH_USER_PATHS = NO;
				CLANG_ANALYZER_NONNULL = YES;
				CLANG_CXX_LANGUAGE_STANDARD = "gnu++0x";
				CLANG_CXX_LIBRARY = "libc++";
				CLANG_ENABLE_MODULES = YES;
				CLANG_ENABLE_OBJC_ARC = YES;
				CLANG_WARN_BOOL_CONVERSION = YES;
				CLANG_WARN_CONSTANT_CONVERSION = YES;
				CLANG_WARN_DIRECT_OBJC_ISA_USAGE = YES_ERROR;
				CLANG_WARN_DOCUMENTATION_COMMENTS = YES;
				CLANG_WARN_EMPTY_BODY = YES;
				CLANG_WARN_ENUM_CONVERSION = YES;
				CLANG_WARN_INFINITE_RECURSION = YES;
				CLANG_WARN_INT_CONVERSION = YES;
				CLANG_WARN_OBJC_ROOT_CLASS = YES_ERROR;
				CLANG_WARN_SUSPICIOUS_MOVE = YES;
				CLANG_WARN_UNREACHABLE_CODE = YES;
				CLANG_WARN__DUPLICATE_METHOD_MATCH = YES;
				"CODE_SIGN_IDENTITY[sdk=iphoneos*]" = "iPhone Developer";
				COPY_PHASE_STRIP = NO;
				DEBUG_INFORMATION_FORMAT = dwarf;
				ENABLE_STRICT_OBJC_MSGSEND = YES;
				ENABLE_TESTABILITY = YES;
				GCC_C_LANGUAGE_STANDARD = gnu99;
				GCC_DYNAMIC_NO_PIC = NO;
				GCC_NO_COMMON_BLOCKS = YES;
				GCC_OPTIMIZATION_LEVEL = 0;
				GCC_PREPROCESSOR_DEFINITIONS = (
					"DEBUG=1",
					"$(inherited)",
				);
				GCC_WARN_64_TO_32_BIT_CONVERSION = YES;
				GCC_WARN_ABOUT_RETURN_TYPE = YES_ERROR;
				GCC_WARN_UNDECLARED_SELECTOR = YES;
				GCC_WARN_UNINITIALIZED_AUTOS = YES_AGGRESSIVE;
				GCC_WARN_UNUSED_FUNCTION = YES;
				GCC_WARN_UNUSED_VARIABLE = YES;
				IPHONEOS_DEPLOYMENT_TARGET = 10.2;
				MTL_ENABLE_DEBUG_INFO = YES;
				ONLY_ACTIVE_ARCH = YES;
				SDKROOT = iphoneos;
				SWIFT_ACTIVE_COMPILATION_CONDITIONS = DEBUG;
				SWIFT_OPTIMIZATION_LEVEL = "-Onone";
				TARGETED_DEVICE_FAMILY = "1,2";
			};
			name = Debug;
		};
		80CEE2681E0239C300BB81A9 /* Release */ = {
			isa = XCBuildConfiguration;
			buildSettings = {
				ALWAYS_SEARCH_USER_PATHS = NO;
				CLANG_ANALYZER_NONNULL = YES;
				CLANG_CXX_LANGUAGE_STANDARD = "gnu++0x";
				CLANG_CXX_LIBRARY = "libc++";
				CLANG_ENABLE_MODULES = YES;
				CLANG_ENABLE_OBJC_ARC = YES;
				CLANG_WARN_BOOL_CONVERSION = YES;
				CLANG_WARN_CONSTANT_CONVERSION = YES;
				CLANG_WARN_DIRECT_OBJC_ISA_USAGE = YES_ERROR;
				CLANG_WARN_DOCUMENTATION_COMMENTS = YES;
				CLANG_WARN_EMPTY_BODY = YES;
				CLANG_WARN_ENUM_CONVERSION = YES;
				CLANG_WARN_INFINITE_RECURSION = YES;
				CLANG_WARN_INT_CONVERSION = YES;
				CLANG_WARN_OBJC_ROOT_CLASS = YES_ERROR;
				CLANG_WARN_SUSPICIOUS_MOVE = YES;
				CLANG_WARN_UNREACHABLE_CODE = YES;
				CLANG_WARN__DUPLICATE_METHOD_MATCH = YES;
				"CODE_SIGN_IDENTITY[sdk=iphoneos*]" = "iPhone Developer";
				COPY_PHASE_STRIP = NO;
				DEBUG_INFORMATION_FORMAT = "dwarf-with-dsym";
				ENABLE_NS_ASSERTIONS = NO;
				ENABLE_STRICT_OBJC_MSGSEND = YES;
				GCC_C_LANGUAGE_STANDARD = gnu99;
				GCC_NO_COMMON_BLOCKS = YES;
				GCC_WARN_64_TO_32_BIT_CONVERSION = YES;
				GCC_WARN_ABOUT_RETURN_TYPE = YES_ERROR;
				GCC_WARN_UNDECLARED_SELECTOR = YES;
				GCC_WARN_UNINITIALIZED_AUTOS = YES_AGGRESSIVE;
				GCC_WARN_UNUSED_FUNCTION = YES;
				GCC_WARN_UNUSED_VARIABLE = YES;
				IPHONEOS_DEPLOYMENT_TARGET = 10.2;
				MTL_ENABLE_DEBUG_INFO = NO;
				SDKROOT = iphoneos;
				SWIFT_OPTIMIZATION_LEVEL = "-Owholemodule";
				TARGETED_DEVICE_FAMILY = "1,2";
				VALIDATE_PRODUCT = YES;
			};
			name = Release;
		};
		80CEE26A1E0239C300BB81A9 /* Debug */ = {
			isa = XCBuildConfiguration;
			baseConfigurationReference = 090F9B5DD1E525A5E31EA088 /* Pods-Pokedex.debug.xcconfig */;
			buildSettings = {
				ALWAYS_EMBED_SWIFT_STANDARD_LIBRARIES = YES;
				ASSETCATALOG_COMPILER_APPICON_NAME = AppIcon;
				DEVELOPMENT_TEAM = 2L722N9NTE;
				INFOPLIST_FILE = Pokedex/Info.plist;
				LD_RUNPATH_SEARCH_PATHS = "$(inherited) @executable_path/Frameworks";
				PRODUCT_BUNDLE_IDENTIFIER = com.msgomezm.Pokedex;
				PRODUCT_NAME = "$(TARGET_NAME)";
				SWIFT_VERSION = 3.0;
			};
			name = Debug;
		};
		80CEE26B1E0239C300BB81A9 /* Release */ = {
			isa = XCBuildConfiguration;
			baseConfigurationReference = 30338952A5AAC31CA6C200A5 /* Pods-Pokedex.release.xcconfig */;
			buildSettings = {
				ALWAYS_EMBED_SWIFT_STANDARD_LIBRARIES = YES;
				ASSETCATALOG_COMPILER_APPICON_NAME = AppIcon;
				DEVELOPMENT_TEAM = 2L722N9NTE;
				INFOPLIST_FILE = Pokedex/Info.plist;
				LD_RUNPATH_SEARCH_PATHS = "$(inherited) @executable_path/Frameworks";
				PRODUCT_BUNDLE_IDENTIFIER = com.msgomezm.Pokedex;
				PRODUCT_NAME = "$(TARGET_NAME)";
				SWIFT_VERSION = 3.0;
			};
			name = Release;
		};
/* End XCBuildConfiguration section */

/* Begin XCConfigurationList section */
		80CEE2521E0239C300BB81A9 /* Build configuration list for PBXProject "Pokedex" */ = {
			isa = XCConfigurationList;
			buildConfigurations = (
				80CEE2671E0239C300BB81A9 /* Debug */,
				80CEE2681E0239C300BB81A9 /* Release */,
			);
			defaultConfigurationIsVisible = 0;
			defaultConfigurationName = Release;
		};
		80CEE2691E0239C300BB81A9 /* Build configuration list for PBXNativeTarget "Pokedex" */ = {
			isa = XCConfigurationList;
			buildConfigurations = (
				80CEE26A1E0239C300BB81A9 /* Debug */,
				80CEE26B1E0239C300BB81A9 /* Release */,
			);
			defaultConfigurationIsVisible = 0;
			defaultConfigurationName = Release;
		};
/* End XCConfigurationList section */
	};
	rootObject = 80CEE24F1E0239C300BB81A9 /* Project object */;
}
